
Microsoft Visual Studio Solution File, Format Version 12.00
# Visual Studio Version 16
VisualStudioVersion = 16.0.30621.155
MinimumVisualStudioVersion = 10.0.40219.1
Project("{FAE04EC0-301F-11D3-BF4B-00C04F79EFBC}") = "FA.JustBlog.Core", "FA.JustBlog.Core\FA.JustBlog.Core.csproj", "{D24F35A3-DEB4-48CB-B319-753FFA90BF5D}"
EndProject
Project("{FAE04EC0-301F-11D3-BF4B-00C04F79EFBC}") = "FA.JustBlog.UnitTest", "FA.JustBlog.UnitTest\FA.JustBlog.UnitTest.csproj", "{2A8838A2-4441-4980-BF8D-6125776C8DDA}"
EndProject
Project("{FAE04EC0-301F-11D3-BF4B-00C04F79EFBC}") = "FA.JustBlog", "FA.JustBlog\FA.JustBlog.csproj", "{D87050CD-313C-4E0F-B1CE-8BAEA1053718}"
EndProject
Project("{FAE04EC0-301F-11D3-BF4B-00C04F79EFBC}") = "TestConsole", "TestConsole\TestConsole.csproj", "{3D010BC5-BAC6-4ABE-B495-C2B9E05984D1}"
EndProject
Global
	GlobalSection(SolutionConfigurationPlatforms) = preSolution
		Debug|Any CPU = Debug|Any CPU
		Release|Any CPU = Release|Any CPU
	EndGlobalSection
	GlobalSection(ProjectConfigurationPlatforms) = postSolution
		{D24F35A3-DEB4-48CB-B319-753FFA90BF5D}.Debug|Any CPU.ActiveCfg = Debug|Any CPU
		{D24F35A3-DEB4-48CB-B319-753FFA90BF5D}.Debug|Any CPU.Build.0 = Debug|Any CPU
		{D24F35A3-DEB4-48CB-B319-753FFA90BF5D}.Release|Any CPU.ActiveCfg = Release|Any CPU
		{D24F35A3-DEB4-48CB-B319-753FFA90BF5D}.Release|Any CPU.Build.0 = Release|Any CPU
		{2A8838A2-4441-4980-BF8D-6125776C8DDA}.Debug|Any CPU.ActiveCfg = Debug|Any CPU
		{2A8838A2-4441-4980-BF8D-6125776C8DDA}.Debug|Any CPU.Build.0 = Debug|Any CPU
		{2A8838A2-4441-4980-BF8D-6125776C8DDA}.Release|Any CPU.ActiveCfg = Release|Any CPU
		{2A8838A2-4441-4980-BF8D-6125776C8DDA}.Release|Any CPU.Build.0 = Release|Any CPU
		{D87050CD-313C-4E0F-B1CE-8BAEA1053718}.Debug|Any CPU.ActiveCfg = Debug|Any CPU
		{D87050CD-313C-4E0F-B1CE-8BAEA1053718}.Debug|Any CPU.Build.0 = Debug|Any CPU
		{D87050CD-313C-4E0F-B1CE-8BAEA1053718}.Release|Any CPU.ActiveCfg = Release|Any CPU
		{D87050CD-313C-4E0F-B1CE-8BAEA1053718}.Release|Any CPU.Build.0 = Release|Any CPU
		{3D010BC5-BAC6-4ABE-B495-C2B9E05984D1}.Debug|Any CPU.ActiveCfg = Debug|Any CPU
		{3D010BC5-BAC6-4ABE-B495-C2B9E05984D1}.Debug|Any CPU.Build.0 = Debug|Any CPU
		{3D010BC5-BAC6-4ABE-B495-C2B9E05984D1}.Release|Any CPU.ActiveCfg = Release|Any CPU
		{3D010BC5-BAC6-4ABE-B495-C2B9E05984D1}.Release|Any CPU.Build.0 = Release|Any CPU
	EndGlobalSection
	GlobalSection(SolutionProperties) = preSolution
		HideSolutionNode = FALSE
	EndGlobalSection
	GlobalSection(ExtensibilityGlobals) = postSolution
		SolutionGuid = {2121AE6E-E744-470D-B689-32169DECBC31}
	EndGlobalSection
	GlobalSection(SubversionScc) = preSolution
		Svn-Managed = True
		Manager = AnkhSVN - Subversion Support for Visual Studio
	EndGlobalSection
EndGlobal
